
Microsoft Visual Studio Solution File, Format Version 12.00
# Visual Studio Version 17
VisualStudioVersion = 17.14.36518.9 d17.14
MinimumVisualStudioVersion = 10.0.40219.1
Project("{FAE04EC0-301F-11D3-BF4B-00C04F79EFBC}") = "FactoryOps", "FactoryOps\FactoryOps.csproj", "{854243C6-34CD-49C1-BAE1-A617AC023BE6}"
EndProject
Global
	GlobalSection(SolutionConfigurationPlatforms) = preSolution
		Debug|Any CPU = Debug|Any CPU
		Release|Any CPU = Release|Any CPU
	EndGlobalSection
	GlobalSection(ProjectConfigurationPlatforms) = postSolution
		{854243C6-34CD-49C1-BAE1-A617AC023BE6}.Debug|Any CPU.ActiveCfg = Debug|Any CPU
		{854243C6-34CD-49C1-BAE1-A617AC023BE6}.Debug|Any CPU.Build.0 = Debug|Any CPU
		{854243C6-34CD-49C1-BAE1-A617AC023BE6}.Release|Any CPU.ActiveCfg = Release|Any CPU
		{854243C6-34CD-49C1-BAE1-A617AC023BE6}.Release|Any CPU.Build.0 = Release|Any CPU
	EndGlobalSection
	GlobalSection(SolutionProperties) = preSolution
		HideSolutionNode = FALSE
	EndGlobalSection
	GlobalSection(ExtensibilityGlobals) = postSolution
		SolutionGuid = {C205262A-88B6-473F-9FE4-2036EE838BD2}
	EndGlobalSection
EndGlobal
